{
    "_readme": [
        "This file locks the dependencies of your project to a known state",
        "Read more about it at https://getcomposer.org/doc/01-basic-usage.md#composer-lock-the-lock-file",
        "This file is @generated automatically"
    ],
    "hash": "4c63b9220423c23adf386fd8d66090d0",
    "content-hash": "2a35056d4ea97e110f8e612d36a9559f",
    "packages": [
        {
            "name": "kriswallsmith/assetic",
            "version": "v1.3.2",
            "source": {
                "type": "git",
                "url": "https://github.com/kriswallsmith/assetic.git",
                "reference": "9928f7c4ad98b234e3559d1049abd13387f86db5"
            },
            "dist": {
                "type": "zip",
                "url": "https://api.github.com/repos/kriswallsmith/assetic/zipball/9928f7c4ad98b234e3559d1049abd13387f86db5",
                "reference": "9928f7c4ad98b234e3559d1049abd13387f86db5",
                "shasum": ""
            },
            "require": {
                "php": ">=5.3.1",
                "symfony/process": "~2.1|~3.0"
            },
            "conflict": {
                "twig/twig": "<1.23"
            },
            "require-dev": {
                "cssmin/cssmin": "3.0.1",
                "joliclic/javascript-packer": "1.1",
                "kamicane/packager": "1.0",
                "leafo/lessphp": "^0.3.7",
                "leafo/scssphp": "~0.1",
                "mrclay/minify": "~2.2",
                "patchwork/jsqueeze": "~1.0|~2.0",
                "phpunit/phpunit": "~4.8",
                "psr/log": "~1.0",
                "ptachoire/cssembed": "~1.0",
                "symfony/phpunit-bridge": "~2.7|~3.0",
                "twig/twig": "~1.8|~2.0"
            },
            "suggest": {
                "leafo/lessphp": "Assetic provides the integration with the lessphp LESS compiler",
                "leafo/scssphp": "Assetic provides the integration with the scssphp SCSS compiler",
                "leafo/scssphp-compass": "Assetic provides the integration with the SCSS compass plugin",
                "patchwork/jsqueeze": "Assetic provides the integration with the JSqueeze JavaScript compressor",
                "ptachoire/cssembed": "Assetic provides the integration with phpcssembed to embed data uris",
                "twig/twig": "Assetic provides the integration with the Twig templating engine"
            },
            "type": "library",
            "extra": {
                "branch-alias": {
                    "dev-master": "1.4-dev"
                }
            },
            "autoload": {
                "psr-0": {
                    "Assetic": "src/"
                },
                "files": [
                    "src/functions.php"
                ]
            },
            "notification-url": "https://packagist.org/downloads/",
            "license": [
                "MIT"
            ],
            "authors": [
                {
                    "name": "Kris Wallsmith",
                    "email": "kris.wallsmith@gmail.com",
                    "homepage": "http://kriswallsmith.net/"
                }
            ],
            "description": "Asset Management for PHP",
            "homepage": "https://github.com/kriswallsmith/assetic",
            "keywords": [
                "assets",
                "compression",
                "minification"
            ],
            "time": "2015-11-12 13:51:40"
        },
        {
            "name": "leafo/scssphp",
            "version": "v0.6.0",
            "source": {
                "type": "git",
                "url": "https://github.com/leafo/scssphp.git",
                "reference": "e7d382952c4dffc29ae832a7a37ddc0f37e66e68"
            },
            "dist": {
                "type": "zip",
                "url": "https://api.github.com/repos/leafo/scssphp/zipball/e7d382952c4dffc29ae832a7a37ddc0f37e66e68",
                "reference": "e7d382952c4dffc29ae832a7a37ddc0f37e66e68",
                "shasum": ""
            },
            "require": {
                "php": ">=5.4.0"
            },
            "require-dev": {
                "kherge/box": "~2.5",
                "phpunit/phpunit": "~3.7",
                "squizlabs/php_codesniffer": "~2.3"
            },
            "bin": [
                "bin/pscss"
            ],
            "type": "library",
            "autoload": {
                "psr-4": {
                    "Leafo\\ScssPhp\\": "src/"
                }
            },
            "notification-url": "https://packagist.org/downloads/",
            "license": [
                "MIT"
            ],
            "authors": [
                {
                    "name": "Leaf Corcoran",
                    "email": "leafot@gmail.com",
                    "homepage": "http://leafo.net"
                }
            ],
            "description": "scssphp is a compiler for SCSS written in PHP.",
            "homepage": "http://leafo.github.io/scssphp/",
            "keywords": [
                "css",
                "less",
                "sass",
                "scss",
                "stylesheet"
            ],
            "time": "2015-12-04 05:49:08"
        },
        {
            "name": "oyejorge/less.php",
            "version": "v1.7.0.9",
            "source": {
                "type": "git",
                "url": "https://github.com/oyejorge/less.php.git",
                "reference": "fb64e2f6ef647a229c50e9fa0f2076240a3484c6"
            },
            "dist": {
                "type": "zip",
                "url": "https://api.github.com/repos/oyejorge/less.php/zipball/fb64e2f6ef647a229c50e9fa0f2076240a3484c6",
                "reference": "fb64e2f6ef647a229c50e9fa0f2076240a3484c6",
                "shasum": ""
            },
            "require": {
                "php": ">=5.3"
            },
            "bin": [
                "bin/lessc"
            ],
            "type": "library",
            "autoload": {
                "psr-0": {
                    "Less": "lib/"
                },
                "classmap": [
                    "lessc.inc.php"
                ]
            },
            "notification-url": "https://packagist.org/downloads/",
            "license": [
                "Apache-2.0"
            ],
            "authors": [
                {
                    "name": "Matt Agar",
                    "homepage": "https://github.com/agar"
                },
                {
                    "name": "Martin Jantošovič",
                    "homepage": "https://github.com/Mordred"
                },
                {
                    "name": "Josh Schmidt",
                    "homepage": "https://github.com/oyejorge"
                }
            ],
            "description": "PHP port of the Javascript version of LESS http://lesscss.org",
            "homepage": "http://lessphp.gpeasy.com",
            "keywords": [
                "css",
                "less",
                "less.js",
                "lesscss",
                "php",
                "stylesheet"
            ],
            "time": "2015-09-28 01:11:47"
        },
        {
            "name": "symfony/process",
            "version": "v3.0.0",
            "source": {
                "type": "git",
                "url": "https://github.com/symfony/process.git",
                "reference": "01383ed02a1020759bc8ee5d975fcec04ba16fbf"
            },
            "dist": {
                "type": "zip",
                "url": "https://api.github.com/repos/symfony/process/zipball/01383ed02a1020759bc8ee5d975fcec04ba16fbf",
                "reference": "01383ed02a1020759bc8ee5d975fcec04ba16fbf",
                "shasum": ""
            },
            "require": {
                "php": ">=5.5.9"
            },
            "type": "library",
            "extra": {
                "branch-alias": {
                    "dev-master": "3.0-dev"
                }
            },
            "autoload": {
                "psr-4": {
                    "Symfony\\Component\\Process\\": ""
                },
                "exclude-from-classmap": [
                    "/Tests/"
                ]
            },
            "notification-url": "https://packagist.org/downloads/",
            "license": [
                "MIT"
            ],
            "authors": [
                {
                    "name": "Fabien Potencier",
                    "email": "fabien@symfony.com"
                },
                {
                    "name": "Symfony Community",
                    "homepage": "https://symfony.com/contributors"
                }
            ],
            "description": "Symfony Process Component",
            "homepage": "https://symfony.com",
            "time": "2015-11-30 12:36:17"
        }
    ],
    "packages-dev": [],
    "aliases": [],
    "minimum-stability": "stable",
    "stability-flags": [],
    "prefer-stable": false,
    "prefer-lowest": false,
    "platform": [],
    "platform-dev": []
}
